
Microsoft Visual Studio Solution File, Format Version 12.00
# Visual Studio Version 16
VisualStudioVersion = 16.0.28803.352
MinimumVisualStudioVersion = 10.0.40219.1
Project("{FAE04EC0-301F-11D3-BF4B-00C04F79EFBC}") = "OfficeManagement", "OfficeManagement\OfficeManagement.csproj", "{232AF41F-E2DE-46BF-893E-BBC0D434267A}"
EndProject
Global
	GlobalSection(SolutionConfigurationPlatforms) = preSolution
		Debug|Any CPU = Debug|Any CPU
		Release|Any CPU = Release|Any CPU
	EndGlobalSection
	GlobalSection(ProjectConfigurationPlatforms) = postSolution
		{232AF41F-E2DE-46BF-893E-BBC0D434267A}.Debug|Any CPU.ActiveCfg = Debug|Any CPU
		{232AF41F-E2DE-46BF-893E-BBC0D434267A}.Debug|Any CPU.Build.0 = Debug|Any CPU
		{232AF41F-E2DE-46BF-893E-BBC0D434267A}.Release|Any CPU.ActiveCfg = Release|Any CPU
		{232AF41F-E2DE-46BF-893E-BBC0D434267A}.Release|Any CPU.Build.0 = Release|Any CPU
	EndGlobalSection
	GlobalSection(SolutionProperties) = preSolution
		HideSolutionNode = FALSE
	EndGlobalSection
	GlobalSection(ExtensibilityGlobals) = postSolution
		SolutionGuid = {8258C4D9-9544-4E3D-A3C2-88BA610B39C6}
	EndGlobalSection
EndGlobal
